
Microsoft Visual Studio Solution File, Format Version 12.00
# Visual Studio Version 17
VisualStudioVersion = 17.2.32505.173
MinimumVisualStudioVersion = 10.0.40219.1
Project("{FAE04EC0-301F-11D3-BF4B-00C04F79EFBC}") = "ClassLibrary", "ClassLibrary\ClassLibrary.csproj", "{93C4CEAA-9D19-426F-970E-4BCFFCBD6587}"
EndProject
Project("{FAE04EC0-301F-11D3-BF4B-00C04F79EFBC}") = "AccessModifier", "AccessModifier\AccessModifier.csproj", "{7CEC25F2-D7CD-444A-A3BD-9AF5A4B945C0}"
EndProject
Global
	GlobalSection(SolutionConfigurationPlatforms) = preSolution
		Debug|Any CPU = Debug|Any CPU
		Release|Any CPU = Release|Any CPU
	EndGlobalSection
	GlobalSection(ProjectConfigurationPlatforms) = postSolution
		{93C4CEAA-9D19-426F-970E-4BCFFCBD6587}.Debug|Any CPU.ActiveCfg = Debug|Any CPU
		{93C4CEAA-9D19-426F-970E-4BCFFCBD6587}.Debug|Any CPU.Build.0 = Debug|Any CPU
		{93C4CEAA-9D19-426F-970E-4BCFFCBD6587}.Release|Any CPU.ActiveCfg = Release|Any CPU
		{93C4CEAA-9D19-426F-970E-4BCFFCBD6587}.Release|Any CPU.Build.0 = Release|Any CPU
		{7CEC25F2-D7CD-444A-A3BD-9AF5A4B945C0}.Debug|Any CPU.ActiveCfg = Debug|Any CPU
		{7CEC25F2-D7CD-444A-A3BD-9AF5A4B945C0}.Debug|Any CPU.Build.0 = Debug|Any CPU
		{7CEC25F2-D7CD-444A-A3BD-9AF5A4B945C0}.Release|Any CPU.ActiveCfg = Release|Any CPU
		{7CEC25F2-D7CD-444A-A3BD-9AF5A4B945C0}.Release|Any CPU.Build.0 = Release|Any CPU
	EndGlobalSection
	GlobalSection(SolutionProperties) = preSolution
		HideSolutionNode = FALSE
	EndGlobalSection
	GlobalSection(ExtensibilityGlobals) = postSolution
		SolutionGuid = {73C20C6E-C983-4C66-AB06-1E0851B18BAE}
	EndGlobalSection
EndGlobal
